<?xml version="1.0" encoding="utf-8"?>
<Project ToolsVersion="4.0" xmlns="http://schemas.microsoft.com/developer/msbuild/2003">
  <ItemGroup>
    <ClInclude Include="imgui_impl_dx11.h">
      <Filter>Example</Filter>
    </ClInclude>
    <ClInclude Include="Application.h">
      <Filter>Example</Filter>
    </ClInclude>
    <ClInclude Include="..\Third\imgui\imgui_internal.h">
      <Filter>imgui</Filter>
    </ClInclude>
    <ClInclude Include="..\Third\imgui\imstb_rectpack.h">
      <Filter>imgui</Filter>
    </ClInclude>
    <ClInclude Include="..\Third\imgui\imstb_textedit.h">
      <Filter>imgui</Filter>
    </ClInclude>
    <ClInclude Include="..\Third\imgui\imstb_truetype.h">
      <Filter>imgui</Filter>
    </ClInclude>
    <ClInclude Include="..\Third\imgui\imconfig.h">
      <Filter>imgui</Filter>
    </ClInclude>
    <ClInclude Include="..\Third\imgui\imgui.h">
      <Filter>imgui</Filter>
    </ClInclude>
    <ClInclude Include="..\NodeEditor\Source\Editor.h">
      <Filter>NodeEditor</Filter>
    </ClInclude>
    <ClInclude Include="..\NodeEditor\Source\Interop.h">
      <Filter>NodeEditor</Filter>
    </ClInclude>
    <ClInclude Include="EDNode.h">
      <Filter>Example</Filter>
    </ClInclude>
    <ClInclude Include="EDPin.h">
      <Filter>Example</Filter>
    </ClInclude>
    <ClInclude Include="EDLink.h">
      <Filter>Example</Filter>
    </ClInclude>
    <ClInclude Include="NodeGUI.h">
      <Filter>Example</Filter>
    </ClInclude>
    <ClInclude Include="NodeInfos.h">
      <Filter>Example\NodeInfos</Filter>
    </ClInclude>
    <ClInclude Include="FormUtility.h">
      <Filter>Example</Filter>
    </ClInclude>
    <ClInclude Include="Variables.h">
      <Filter>Example</Filter>
    </ClInclude>
    <ClInclude Include="cJSON.h">
      <Filter>Example\cJson</Filter>
    </ClInclude>
    <ClInclude Include="FileDialog.h">
      <Filter>Example\FileDialog</Filter>
    </ClInclude>
    <ClInclude Include="NodeFactory.h">
      <Filter>Example\NodeInfos</Filter>
    </ClInclude>
    <ClInclude Include="NodeInfoParallel.h">
      <Filter>Example\NodeInfos\Composite</Filter>
    </ClInclude>
    <ClInclude Include="NodeInfoActiveSelector.h">
      <Filter>Example\NodeInfos\Composite</Filter>
    </ClInclude>
    <ClInclude Include="NodeInfoSelector.h">
      <Filter>Example\NodeInfos\Composite</Filter>
    </ClInclude>
    <ClInclude Include="NodeInfoSequence.h">
      <Filter>Example\NodeInfos\Composite</Filter>
    </ClInclude>
    <ClInclude Include="NodeInfoSearchTarget.h">
      <Filter>Example\NodeInfos\Action</Filter>
    </ClInclude>
    <ClInclude Include="NodeInfoPatrolRange.h">
      <Filter>Example\NodeInfos\Action</Filter>
    </ClInclude>
    <ClInclude Include="NodeInfoPatrolPath.h">
      <Filter>Example\NodeInfos\Action</Filter>
    </ClInclude>
    <ClInclude Include="NodeInfoEntry.h">
      <Filter>Example\NodeInfos\Common</Filter>
    </ClInclude>
    <ClInclude Include="NodeInfo.h">
      <Filter>Example\NodeInfos\Common</Filter>
    </ClInclude>
    <ClInclude Include="NodeInfoCondition.h">
      <Filter>Example\NodeInfos\Condition</Filter>
    </ClInclude>
    <ClInclude Include="NodeInfoHaveTarget.h">
      <Filter>Example\NodeInfos\Condition</Filter>
    </ClInclude>
    <ClInclude Include="NodeInfoIsUsingSkill.h">
      <Filter>Example\NodeInfos\Condition</Filter>
    </ClInclude>
    <ClInclude Include="NodeInfoRepeat.h">
      <Filter>Example\NodeInfos\Decorator</Filter>
    </ClInclude>
    <ClInclude Include="NodeInfoRandomSelector.h">
      <Filter>Example\NodeInfos\Composite</Filter>
    </ClInclude>
    <ClInclude Include="NodeInfoRandom.h">
      <Filter>Example\NodeInfos\Composite</Filter>
    </ClInclude>
    <ClInclude Include="NodeInfoRandomSequence.h">
      <Filter>Example\NodeInfos\Composite</Filter>
    </ClInclude>
    <ClInclude Include="NodeInfoWeightRandomSelector.h">
      <Filter>Example\NodeInfos\Composite</Filter>
    </ClInclude>
    <ClInclude Include="NodeInfoWeightRandomSequence.h">
      <Filter>Example\NodeInfos\Composite</Filter>
    </ClInclude>
    <ClInclude Include="NodeInfoCastSkill.h">
      <Filter>Example\NodeInfos\Action</Filter>
    </ClInclude>
    <ClInclude Include="NodeInfoWait.h">
      <Filter>Example\NodeInfos\Action</Filter>
    </ClInclude>
    <ClInclude Include="NodeInfoSavePosition.h">
      <Filter>Example\NodeInfos\Action</Filter>
    </ClInclude>
    <ClInclude Include="NodeInfoCompare.h">
      <Filter>Example\NodeInfos\Condition</Filter>
    </ClInclude>
    <ClInclude Include="NodeInfoBoolCompare.h">
      <Filter>Example\NodeInfos\Condition</Filter>
    </ClInclude>
    <ClInclude Include="NodeInfoIntCompare.h">
      <Filter>Example\NodeInfos\Condition</Filter>
    </ClInclude>
    <ClInclude Include="NodeInfoFloatCompare.h">
      <Filter>Example\NodeInfos\Condition</Filter>
    </ClInclude>
    <ClInclude Include="NodeInfoStringCompare.h">
      <Filter>Example\NodeInfos\Condition</Filter>
    </ClInclude>
    <ClInclude Include="NodeInfoCharacterCompare.h">
      <Filter>Example\NodeInfos\Condition</Filter>
    </ClInclude>
  </ItemGroup>
  <ItemGroup>
    <ClCompile Include="Entry.cpp">
      <Filter>Example</Filter>
    </ClCompile>
    <ClCompile Include="imgui_impl_dx11.cpp">
      <Filter>Example</Filter>
    </ClCompile>
    <ClCompile Include="..\Third\imgui\imgui_draw.cpp">
      <Filter>imgui</Filter>
    </ClCompile>
    <ClCompile Include="..\Third\imgui\imgui_widgets.cpp">
      <Filter>imgui</Filter>
    </ClCompile>
    <ClCompile Include="..\Third\imgui\imgui.cpp">
      <Filter>imgui</Filter>
    </ClCompile>
    <ClCompile Include="..\Third\imgui\imgui_demo.cpp">
      <Filter>imgui</Filter>
    </ClCompile>
    <ClCompile Include="..\NodeEditor\Source\Editor.cpp">
      <Filter>NodeEditor</Filter>
    </ClCompile>
    <ClCompile Include="..\NodeEditor\Source\NodeEditor.cpp">
      <Filter>NodeEditor</Filter>
    </ClCompile>
    <ClCompile Include="..\NodeEditor\Source\ax\Builders.cpp">
      <Filter>NodeEditor</Filter>
    </ClCompile>
    <ClCompile Include="..\NodeEditor\Source\ax\Drawing.cpp">
      <Filter>NodeEditor</Filter>
    </ClCompile>
    <ClCompile Include="..\NodeEditor\Source\ax\Widgets.cpp">
      <Filter>NodeEditor</Filter>
    </ClCompile>
    <ClCompile Include="..\Third\DXSDK\src\dxerr.cpp">
      <Filter>DX</Filter>
    </ClCompile>
    <ClCompile Include="Simple.cpp">
      <Filter>Example</Filter>
    </ClCompile>
    <ClCompile Include="Application.cpp">
      <Filter>Example</Filter>
    </ClCompile>
    <ClCompile Include="NodeGUI.cpp">
      <Filter>Example</Filter>
    </ClCompile>
    <ClCompile Include="FormUtility.cpp">
      <Filter>Example</Filter>
    </ClCompile>
    <ClCompile Include="Variables.cpp">
      <Filter>Example</Filter>
    </ClCompile>
    <ClCompile Include="NodeInfos.cpp">
      <Filter>Example\NodeInfos</Filter>
    </ClCompile>
    <ClCompile Include="cJSON.c">
      <Filter>Example\cJson</Filter>
    </ClCompile>
    <ClCompile Include="EDNode.cpp">
      <Filter>Example</Filter>
    </ClCompile>
    <ClCompile Include="FileDialog.cpp">
      <Filter>Example\FileDialog</Filter>
    </ClCompile>
    <ClCompile Include="NodeFactory.cpp">
      <Filter>Example\NodeInfos</Filter>
    </ClCompile>
    <ClCompile Include="NodeInfoParallel.cpp">
      <Filter>Example\NodeInfos\Composite</Filter>
    </ClCompile>
    <ClCompile Include="NodeInfoActiveSelector.cpp">
      <Filter>Example\NodeInfos\Composite</Filter>
    </ClCompile>
    <ClCompile Include="NodeInfoSelector.cpp">
      <Filter>Example\NodeInfos\Composite</Filter>
    </ClCompile>
    <ClCompile Include="NodeInfoSequence.cpp">
      <Filter>Example\NodeInfos\Composite</Filter>
    </ClCompile>
    <ClCompile Include="NodeInfoSearchTarget.cpp">
      <Filter>Example\NodeInfos\Action</Filter>
    </ClCompile>
    <ClCompile Include="NodeInfoPatrolRange.cpp">
      <Filter>Example\NodeInfos\Action</Filter>
    </ClCompile>
    <ClCompile Include="NodeInfoPatrolPath.cpp">
      <Filter>Example\NodeInfos\Action</Filter>
    </ClCompile>
    <ClCompile Include="NodeInfoEntry.cpp">
      <Filter>Example\NodeInfos\Common</Filter>
    </ClCompile>
    <ClCompile Include="NodeInfo.cpp">
      <Filter>Example\NodeInfos\Common</Filter>
    </ClCompile>
    <ClCompile Include="NodeInfoCondition.cpp">
      <Filter>Example\NodeInfos\Condition</Filter>
    </ClCompile>
    <ClCompile Include="NodeInfoHaveTarget.cpp">
      <Filter>Example\NodeInfos\Condition</Filter>
    </ClCompile>
    <ClCompile Include="NodeInfoIsUsingSkill.cpp">
      <Filter>Example\NodeInfos\Condition</Filter>
    </ClCompile>
    <ClCompile Include="NodeInfoRepeat.cpp">
      <Filter>Example\NodeInfos\Decorator</Filter>
    </ClCompile>
    <ClCompile Include="NodeInfoRandomSelector.cpp">
      <Filter>Example\NodeInfos\Composite</Filter>
    </ClCompile>
    <ClCompile Include="NodeInfoRandom.cpp">
      <Filter>Example\NodeInfos\Composite</Filter>
    </ClCompile>
    <ClCompile Include="NodeInfoRandomSequence.cpp">
      <Filter>Example\NodeInfos\Composite</Filter>
    </ClCompile>
    <ClCompile Include="NodeInfoWeightRandomSelector.cpp">
      <Filter>Example\NodeInfos\Composite</Filter>
    </ClCompile>
    <ClCompile Include="NodeInfoWeightRandomSequence.cpp">
      <Filter>Example\NodeInfos\Composite</Filter>
    </ClCompile>
    <ClCompile Include="NodeInfoCastSkill.cpp">
      <Filter>Example\NodeInfos\Action</Filter>
    </ClCompile>
    <ClCompile Include="NodeInfoWait.cpp">
      <Filter>Example\NodeInfos\Action</Filter>
    </ClCompile>
    <ClCompile Include="NodeInfoSavePosition.cpp">
      <Filter>Example\NodeInfos\Action</Filter>
    </ClCompile>
    <ClCompile Include="NodeInfoCompare.cpp">
      <Filter>Example\NodeInfos\Condition</Filter>
    </ClCompile>
    <ClCompile Include="NodeInfoBoolCompare.cpp">
      <Filter>Example\NodeInfos\Condition</Filter>
    </ClCompile>
    <ClCompile Include="NodeInfoIntCompare.cpp">
      <Filter>Example\NodeInfos\Condition</Filter>
    </ClCompile>
    <ClCompile Include="NodeInfoFloatCompare.cpp">
      <Filter>Example\NodeInfos\Condition</Filter>
    </ClCompile>
    <ClCompile Include="NodeInfoStringCompare.cpp">
      <Filter>Example\NodeInfos\Condition</Filter>
    </ClCompile>
    <ClCompile Include="NodeInfoCharacterCompare.cpp">
      <Filter>Example\NodeInfos\Condition</Filter>
    </ClCompile>
  </ItemGroup>
  <ItemGroup>
    <Filter Include="Example">
      <UniqueIdentifier>{a7db2a1a-ca58-403a-b301-6be3ea89e688}</UniqueIdentifier>
    </Filter>
    <Filter Include="imgui">
      <UniqueIdentifier>{0fa08317-e10f-4568-beb3-7d20684f5037}</UniqueIdentifier>
    </Filter>
    <Filter Include="NodeEditor">
      <UniqueIdentifier>{f73ddb1d-0956-4e46-90d8-fbd4e6f37a4d}</UniqueIdentifier>
    </Filter>
    <Filter Include="DX">
      <UniqueIdentifier>{335fd8b4-2378-4ed9-9c3d-676f16aeb47b}</UniqueIdentifier>
    </Filter>
    <Filter Include="Example\NodeInfos">
      <UniqueIdentifier>{2c8e3163-661d-4b7e-b1c5-33f46b7889f3}</UniqueIdentifier>
    </Filter>
    <Filter Include="Example\cJson">
      <UniqueIdentifier>{755aeb6a-cae5-4057-b445-aab8983f0ba6}</UniqueIdentifier>
    </Filter>
    <Filter Include="Example\FileDialog">
      <UniqueIdentifier>{68368bc8-275a-4f68-b31e-403538e78c88}</UniqueIdentifier>
    </Filter>
    <Filter Include="Example\NodeInfos\Composite">
      <UniqueIdentifier>{7173e85c-19a7-43ff-80b0-f91d87db58c6}</UniqueIdentifier>
    </Filter>
    <Filter Include="Example\NodeInfos\Action">
      <UniqueIdentifier>{9effe264-6df0-4c8a-8925-384c79fe7b9e}</UniqueIdentifier>
    </Filter>
    <Filter Include="Example\NodeInfos\Condition">
      <UniqueIdentifier>{c341347e-ea3d-4385-aaf6-526b209535d2}</UniqueIdentifier>
    </Filter>
    <Filter Include="Example\NodeInfos\Common">
      <UniqueIdentifier>{0c1e5400-9e68-4c5f-b0c4-e356f76afc1d}</UniqueIdentifier>
    </Filter>
    <Filter Include="Example\NodeInfos\Decorator">
      <UniqueIdentifier>{4b050b38-f9e5-40c6-8e22-286bdaa64df6}</UniqueIdentifier>
    </Filter>
  </ItemGroup>
</Project>